anytree==2.13.0
attrs==26.1.0
boolean.py==5.0
canopen==2.4.1
cbor==1.0.0
cbor2==6.1.4
certifi==2026.7.22
cffi==2.1.1
charset-normalizer==3.5.1
click==8.5.0
colorama==0.4.6
cryptography==50.0.1
docopt==0.6.2
idna==3.19
imgtool==2.4.0
iniconfig==2.3.0
intelhex==2.3.0
Jinja2==3.1.6
jsonschema==4.26.0
jsonschema-specifications==2025.9.1
license-expression==30.4.4
MarkupSafe==3.0.3
packaging==26.3
patool==4.0.5
pluggy==1.6.0
psutil==7.2.2
pycparser==3.0
pyelftools==0.33
Pygments==2.21.0
pykwalify==1.8.0
pylink-square==2.0.1
pyserial==3.5
pytest==9.1.1
python-can==4.6.1
python-dateutil==2.9.0.post0
python-debian==1.1.1
python-magic==0.4.27
PyYAML==6.0.3
referencing==0.37.0
requests==2.34.2
reuse==6.2.0
rpds-py==2026.6.3
ruamel.yaml==0.19.1
semver==3.0.4
setuptools==84.0.0
six==1.17.0
tomlkit==0.15.1
tqdm==4.70.0
typing_extensions==4.16.0
urllib3==2.7.0
west==1.5.0
windows-curses==2.4.2
wrapt==1.17.3
